
Microsoft Visual Studio Solution File, Format Version 12.00
# Visual Studio Version 18
VisualStudioVersion = 18.4.11620.152 stable
MinimumVisualStudioVersion = 10.0.40219.1
Project("{FAE04EC0-301F-11D3-BF4B-00C04F79EFBC}") = "SmallC", "SmallC\SmallC.csproj", "{3C3B180A-32AA-43E5-AF29-20E28246FD97}"
EndProject
Project("{FAE04EC0-301F-11D3-BF4B-00C04F79EFBC}") = "SmallC.Cc4", "SmallC.Cc4\SmallC.Cc4.csproj", "{27D95061-EB28-464B-A2A1-0787EEED78D7}"
EndProject
Project("{FAE04EC0-301F-11D3-BF4B-00C04F79EFBC}") = "SmallC.Cc4.Tests", "SmallC.Cc4.Tests\SmallC.Cc4.Tests.csproj", "{317C304C-845D-4603-A367-294FF5FAAAB5}"
EndProject
Project("{2150E333-8FDC-42A3-9474-1A3956D46DE8}") = "Solution Items", "Solution Items", "{F06CC969-44E1-4C03-B461-363BC7E1D710}"
	ProjectSection(SolutionItems) = preProject
		.editorconfig = .editorconfig
	EndProjectSection
EndProject
Project("{FAE04EC0-301F-11D3-BF4B-00C04F79EFBC}") = "SmallC.Cc", "SmallC.Cc\SmallC.Cc.csproj", "{77BFE15E-F0A4-4362-8370-01E46891CF20}"
EndProject
Global
	GlobalSection(SolutionConfigurationPlatforms) = preSolution
		Debug|Any CPU = Debug|Any CPU
		Release|Any CPU = Release|Any CPU
	EndGlobalSection
	GlobalSection(ProjectConfigurationPlatforms) = postSolution
		{3C3B180A-32AA-43E5-AF29-20E28246FD97}.Debug|Any CPU.ActiveCfg = Debug|Any CPU
		{3C3B180A-32AA-43E5-AF29-20E28246FD97}.Debug|Any CPU.Build.0 = Debug|Any CPU
		{3C3B180A-32AA-43E5-AF29-20E28246FD97}.Release|Any CPU.ActiveCfg = Release|Any CPU
		{3C3B180A-32AA-43E5-AF29-20E28246FD97}.Release|Any CPU.Build.0 = Release|Any CPU
		{27D95061-EB28-464B-A2A1-0787EEED78D7}.Debug|Any CPU.ActiveCfg = Debug|Any CPU
		{27D95061-EB28-464B-A2A1-0787EEED78D7}.Debug|Any CPU.Build.0 = Debug|Any CPU
		{27D95061-EB28-464B-A2A1-0787EEED78D7}.Release|Any CPU.ActiveCfg = Release|Any CPU
		{27D95061-EB28-464B-A2A1-0787EEED78D7}.Release|Any CPU.Build.0 = Release|Any CPU
		{317C304C-845D-4603-A367-294FF5FAAAB5}.Debug|Any CPU.ActiveCfg = Debug|Any CPU
		{317C304C-845D-4603-A367-294FF5FAAAB5}.Debug|Any CPU.Build.0 = Debug|Any CPU
		{317C304C-845D-4603-A367-294FF5FAAAB5}.Release|Any CPU.ActiveCfg = Release|Any CPU
		{317C304C-845D-4603-A367-294FF5FAAAB5}.Release|Any CPU.Build.0 = Release|Any CPU
		{77BFE15E-F0A4-4362-8370-01E46891CF20}.Debug|Any CPU.ActiveCfg = Debug|Any CPU
		{77BFE15E-F0A4-4362-8370-01E46891CF20}.Debug|Any CPU.Build.0 = Debug|Any CPU
		{77BFE15E-F0A4-4362-8370-01E46891CF20}.Release|Any CPU.ActiveCfg = Release|Any CPU
		{77BFE15E-F0A4-4362-8370-01E46891CF20}.Release|Any CPU.Build.0 = Release|Any CPU
	EndGlobalSection
	GlobalSection(SolutionProperties) = preSolution
		HideSolutionNode = FALSE
	EndGlobalSection
	GlobalSection(ExtensibilityGlobals) = postSolution
		SolutionGuid = {E8DC57D7-2E90-442A-88DE-C2F3E454220B}
	EndGlobalSection
EndGlobal
