
Microsoft Visual Studio Solution File, Format Version 12.00
# Visual Studio Version 18
VisualStudioVersion = 18.4.11620.152
MinimumVisualStudioVersion = 10.0.40219.1
Project("{FAE04EC0-301F-11D3-BF4B-00C04F79EFBC}") = "SmallC", "SmallC\SmallC.csproj", "{3C3B180A-32AA-43E5-AF29-20E28246FD97}"
EndProject
Project("{FAE04EC0-301F-11D3-BF4B-00C04F79EFBC}") = "SmallC.Cc4", "SmallC.Cc4\SmallC.Cc4.csproj", "{27D95061-EB28-464B-A2A1-0787EEED78D7}"
EndProject
Project("{FAE04EC0-301F-11D3-BF4B-00C04F79EFBC}") = "SmallC.Cc4.Tests", "SmallC.Cc4.Tests\SmallC.Cc4.Tests.csproj", "{317C304C-845D-4603-A367-294FF5FAAAB5}"
EndProject
Project("{2150E333-8FDC-42A3-9474-1A3956D46DE8}") = "Solution Items", "Solution Items", "{F06CC969-44E1-4C03-B461-363BC7E1D710}"
	ProjectSection(SolutionItems) = preProject
		.editorconfig = .editorconfig
	EndProjectSection
EndProject
Project("{FAE04EC0-301F-11D3-BF4B-00C04F79EFBC}") = "SmallC.Cc", "SmallC.Cc\SmallC.Cc.csproj", "{77BFE15E-F0A4-4362-8370-01E46891CF20}"
EndProject
Project("{FAE04EC0-301F-11D3-BF4B-00C04F79EFBC}") = "SmallC.Cc2", "SmallC.Cc2\SmallC.Cc2.csproj", "{376FB2AE-6147-4265-B272-72AC4A02C120}"
EndProject
Project("{FAE04EC0-301F-11D3-BF4B-00C04F79EFBC}") = "SmallC.Cc2.Tests", "SmallC.Cc2.Tests\SmallC.Cc2.Tests.csproj", "{16BC1198-8E80-4396-A405-9CC9C9546996}"
EndProject
Project("{FAE04EC0-301F-11D3-BF4B-00C04F79EFBC}") = "SmallC.Cc1", "SmallC.Cc1\SmallC.Cc1.csproj", "{4BEA4569-D0EA-4FC6-BF3D-5032FC8D4060}"
EndProject
Project("{FAE04EC0-301F-11D3-BF4B-00C04F79EFBC}") = "SmallC.Cc3", "SmallC.Cc3\SmallC.Cc3.csproj", "{602E905A-0B23-4C95-BC2C-160A3EDF301B}"
EndProject
Project("{FAE04EC0-301F-11D3-BF4B-00C04F79EFBC}") = "SmallC.Cc3.Tests", "SmallC.Cc3.Tests\SmallC.Cc3.Tests.csproj", "{EF203DFD-0045-43D4-B587-86F12792F63E}"
EndProject
Global
	GlobalSection(SolutionConfigurationPlatforms) = preSolution
		Debug|Any CPU = Debug|Any CPU
		Release|Any CPU = Release|Any CPU
	EndGlobalSection
	GlobalSection(ProjectConfigurationPlatforms) = postSolution
		{3C3B180A-32AA-43E5-AF29-20E28246FD97}.Debug|Any CPU.ActiveCfg = Debug|Any CPU
		{3C3B180A-32AA-43E5-AF29-20E28246FD97}.Debug|Any CPU.Build.0 = Debug|Any CPU
		{3C3B180A-32AA-43E5-AF29-20E28246FD97}.Release|Any CPU.ActiveCfg = Release|Any CPU
		{3C3B180A-32AA-43E5-AF29-20E28246FD97}.Release|Any CPU.Build.0 = Release|Any CPU
		{27D95061-EB28-464B-A2A1-0787EEED78D7}.Debug|Any CPU.ActiveCfg = Debug|Any CPU
		{27D95061-EB28-464B-A2A1-0787EEED78D7}.Debug|Any CPU.Build.0 = Debug|Any CPU
		{27D95061-EB28-464B-A2A1-0787EEED78D7}.Release|Any CPU.ActiveCfg = Release|Any CPU
		{27D95061-EB28-464B-A2A1-0787EEED78D7}.Release|Any CPU.Build.0 = Release|Any CPU
		{317C304C-845D-4603-A367-294FF5FAAAB5}.Debug|Any CPU.ActiveCfg = Debug|Any CPU
		{317C304C-845D-4603-A367-294FF5FAAAB5}.Debug|Any CPU.Build.0 = Debug|Any CPU
		{317C304C-845D-4603-A367-294FF5FAAAB5}.Release|Any CPU.ActiveCfg = Release|Any CPU
		{317C304C-845D-4603-A367-294FF5FAAAB5}.Release|Any CPU.Build.0 = Release|Any CPU
		{77BFE15E-F0A4-4362-8370-01E46891CF20}.Debug|Any CPU.ActiveCfg = Debug|Any CPU
		{77BFE15E-F0A4-4362-8370-01E46891CF20}.Debug|Any CPU.Build.0 = Debug|Any CPU
		{77BFE15E-F0A4-4362-8370-01E46891CF20}.Release|Any CPU.ActiveCfg = Release|Any CPU
		{77BFE15E-F0A4-4362-8370-01E46891CF20}.Release|Any CPU.Build.0 = Release|Any CPU
		{376FB2AE-6147-4265-B272-72AC4A02C120}.Debug|Any CPU.ActiveCfg = Debug|Any CPU
		{376FB2AE-6147-4265-B272-72AC4A02C120}.Debug|Any CPU.Build.0 = Debug|Any CPU
		{376FB2AE-6147-4265-B272-72AC4A02C120}.Release|Any CPU.ActiveCfg = Release|Any CPU
		{376FB2AE-6147-4265-B272-72AC4A02C120}.Release|Any CPU.Build.0 = Release|Any CPU
		{16BC1198-8E80-4396-A405-9CC9C9546996}.Debug|Any CPU.ActiveCfg = Debug|Any CPU
		{16BC1198-8E80-4396-A405-9CC9C9546996}.Debug|Any CPU.Build.0 = Debug|Any CPU
		{16BC1198-8E80-4396-A405-9CC9C9546996}.Release|Any CPU.ActiveCfg = Release|Any CPU
		{16BC1198-8E80-4396-A405-9CC9C9546996}.Release|Any CPU.Build.0 = Release|Any CPU
		{4BEA4569-D0EA-4FC6-BF3D-5032FC8D4060}.Debug|Any CPU.ActiveCfg = Debug|Any CPU
		{4BEA4569-D0EA-4FC6-BF3D-5032FC8D4060}.Debug|Any CPU.Build.0 = Debug|Any CPU
		{4BEA4569-D0EA-4FC6-BF3D-5032FC8D4060}.Release|Any CPU.ActiveCfg = Release|Any CPU
		{4BEA4569-D0EA-4FC6-BF3D-5032FC8D4060}.Release|Any CPU.Build.0 = Release|Any CPU
		{602E905A-0B23-4C95-BC2C-160A3EDF301B}.Debug|Any CPU.ActiveCfg = Debug|Any CPU
		{602E905A-0B23-4C95-BC2C-160A3EDF301B}.Debug|Any CPU.Build.0 = Debug|Any CPU
		{602E905A-0B23-4C95-BC2C-160A3EDF301B}.Release|Any CPU.ActiveCfg = Release|Any CPU
		{602E905A-0B23-4C95-BC2C-160A3EDF301B}.Release|Any CPU.Build.0 = Release|Any CPU
		{EF203DFD-0045-43D4-B587-86F12792F63E}.Debug|Any CPU.ActiveCfg = Debug|Any CPU
		{EF203DFD-0045-43D4-B587-86F12792F63E}.Debug|Any CPU.Build.0 = Debug|Any CPU
		{EF203DFD-0045-43D4-B587-86F12792F63E}.Release|Any CPU.ActiveCfg = Release|Any CPU
		{EF203DFD-0045-43D4-B587-86F12792F63E}.Release|Any CPU.Build.0 = Release|Any CPU
	EndGlobalSection
	GlobalSection(SolutionProperties) = preSolution
		HideSolutionNode = FALSE
	EndGlobalSection
	GlobalSection(ExtensibilityGlobals) = postSolution
		SolutionGuid = {E8DC57D7-2E90-442A-88DE-C2F3E454220B}
	EndGlobalSection
EndGlobal
